// !$*UTF8*$!
{
	archiveVersion = 1;
	classes = {
	};
	objectVersion = 56;
	objects = {

/* Begin PBXBuildFile section */
		B84972B72AD4382E000A11AA /* splashScreenApp.swift in Sources */ = {isa = PBXBuildFile; fileRef = B84972B62AD4382E000A11AA /* splashScreenApp.swift */; };
		B84972B92AD4382E000A11AA /* ContentView.swift in Sources */ = {isa = PBXBuildFile; fileRef = B84972B82AD4382E000A11AA /* ContentView.swift */; };
		B84972BB2AD4382F000A11AA /* Assets.xcassets in Resources */ = {isa = PBXBuildFile; fileRef = B84972BA2AD4382F000A11AA /* Assets.xcassets */; };
		B84972BE2AD4382F000A11AA /* Preview Assets.xcassets in Resources */ = {isa = PBXBuildFile; fileRef = B84972BD2AD4382F000A11AA /* Preview Assets.xcassets */; };
		B84972C82AD4382F000A11AA /* splashScreenTests.swift in Sources */ = {isa = PBXBuildFile; fileRef = B84972C72AD4382F000A11AA /* splashScreenTests.swift */; };
		B84972D22AD4382F000A11AA /* splashScreenUITests.swift in Sources */ = {isa = PBXBuildFile; fileRef = B84972D12AD4382F000A11AA /* splashScreenUITests.swift */; };
		B84972D42AD4382F000A11AA /* splashScreenUITestsLaunchTests.swift in Sources */ = {isa = PBXBuildFile; fileRef = B84972D32AD4382F000A11AA /* splashScreenUITestsLaunchTests.swift */; };
		B84972E12AD4464D000A11AA /* QuizPage.swift in Sources */ = {isa = PBXBuildFile; fileRef = B84972E02AD4464D000A11AA /* QuizPage.swift */; };
/* End PBXBuildFile section */

/* Begin PBXContainerItemProxy section */
		B84972C42AD4382F000A11AA /* PBXContainerItemProxy */ = {
			isa = PBXContainerItemProxy;
			containerPortal = B84972AB2AD4382E000A11AA /* Project object */;
			proxyType = 1;
			remoteGlobalIDString = B84972B22AD4382E000A11AA;
			remoteInfo = splashScreen;
		};
		B84972CE2AD4382F000A11AA /* PBXContainerItemProxy */ = {
			isa = PBXContainerItemProxy;
			containerPortal = B84972AB2AD4382E000A11AA /* Project object */;
			proxyType = 1;
			remoteGlobalIDString = B84972B22AD4382E000A11AA;
			remoteInfo = splashScreen;
		};
/* End PBXContainerItemProxy section */

/* Begin PBXFileReference section */
		B84972B32AD4382E000A11AA /* splashScreen.app */ = {isa = PBXFileReference; explicitFileType = wrapper.application; includeInIndex = 0; path = splashScreen.app; sourceTree = BUILT_PRODUCTS_DIR; };
		B84972B62AD4382E000A11AA /* splashScreenApp.swift */ = {isa = PBXFileReference; lastKnownFileType = sourcecode.swift; path = splashScreenApp.swift; sourceTree = "<group>"; };
		B84972B82AD4382E000A11AA /* ContentView.swift */ = {isa = PBXFileReference; lastKnownFileType = sourcecode.swift; path = ContentView.swift; sourceTree = "<group>"; };
		B84972BA2AD4382F000A11AA /* Assets.xcassets */ = {isa = PBXFileReference; lastKnownFileType = folder.assetcatalog; path = Assets.xcassets; sourceTree = "<group>"; };
		B84972BD2AD4382F000A11AA /* Preview Assets.xcassets */ = {isa = PBXFileReference; lastKnownFileType = folder.assetcatalog; path = "Preview Assets.xcassets"; sourceTree = "<group>"; };
		B84972C32AD4382F000A11AA /* splashScreenTests.xctest */ = {isa = PBXFileReference; explicitFileType = wrapper.cfbundle; includeInIndex = 0; path = splashScreenTests.xctest; sourceTree = BUILT_PRODUCTS_DIR; };
		B84972C72AD4382F000A11AA /* splashScreenTests.swift */ = {isa = PBXFileReference; lastKnownFileType = sourcecode.swift; path = splashScreenTests.swift; sourceTree = "<group>"; };
		B84972CD2AD4382F000A11AA /* splashScreenUITests.xctest */ = {isa = PBXFileReference; explicitFileType = wrapper.cfbundle; includeInIndex = 0; path = splashScreenUITests.xctest; sourceTree = BUILT_PRODUCTS_DIR; };
		B84972D12AD4382F000A11AA /* splashScreenUITests.swift */ = {isa = PBXFileReference; lastKnownFileType = sourcecode.swift; path = splashScreenUITests.swift; sourceTree = "<group>"; };
		B84972D32AD4382F000A11AA /* splashScreenUITestsLaunchTests.swift */ = {isa = PBXFileReference; lastKnownFileType = sourcecode.swift; path = splashScreenUITestsLaunchTests.swift; sourceTree = "<group>"; };
		B84972E02AD4464D000A11AA /* QuizPage.swift */ = {isa = PBXFileReference; lastKnownFileType = sourcecode.swift; path = QuizPage.swift; sourceTree = "<group>"; };
/* End PBXFileReference section */

/* Begin PBXFrameworksBuildPhase section */
		B84972B02AD4382E000A11AA /* Frameworks */ = {
			isa = PBXFrameworksBuildPhase;
			buildActionMask = 2147483647;
			files = (
			);
			runOnlyForDeploymentPostprocessing = 0;
		};
		B84972C02AD4382F000A11AA /* Frameworks */ = {
			isa = PBXFrameworksBuildPhase;
			buildActionMask = 2147483647;
			files = (
			);
			runOnlyForDeploymentPostprocessing = 0;
		};
		B84972CA2AD4382F000A11AA /* Frameworks */ = {
			isa = PBXFrameworksBuildPhase;
			buildActionMask = 2147483647;
			files = (
			);
			runOnlyForDeploymentPostprocessing = 0;
		};
/* End PBXFrameworksBuildPhase section */

/* Begin PBXGroup section */
		B84972AA2AD4382E000A11AA = {
			isa = PBXGroup;
			children = (
				B84972B52AD4382E000A11AA /* splashScreen */,
				B84972C62AD4382F000A11AA /* splashScreenTests */,
				B84972D02AD4382F000A11AA /* splashScreenUITests */,
				B84972B42AD4382E000A11AA /* Products */,
			);
			sourceTree = "<group>";
		};
		B84972B42AD4382E000A11AA /* Products */ = {
			isa = PBXGroup;
			children = (
				B84972B32AD4382E000A11AA /* splashScreen.app */,
				B84972C32AD4382F000A11AA /* splashScreenTests.xctest */,
				B84972CD2AD4382F000A11AA /* splashScreenUITests.xctest */,
			);
			name = Products;
			sourceTree = "<group>";
		};
		B84972B52AD4382E000A11AA /* splashScreen */ = {
			isa = PBXGroup;
			children = (
				B84972B62AD4382E000A11AA /* splashScreenApp.swift */,
				B84972B82AD4382E000A11AA /* ContentView.swift */,
				B84972E02AD4464D000A11AA /* QuizPage.swift */,
				B84972BA2AD4382F000A11AA /* Assets.xcassets */,
				B84972BC2AD4382F000A11AA /* Preview Content */,
			);
			path = splashScreen;
			sourceTree = "<group>";
		};
		B84972BC2AD4382F000A11AA /* Preview Content */ = {
			isa = PBXGroup;
			children = (
				B84972BD2AD4382F000A11AA /* Preview Assets.xcassets */,
			);
			path = "Preview Content";
			sourceTree = "<group>";
		};
		B84972C62AD4382F000A11AA /* splashScreenTests */ = {
			isa = PBXGroup;
			children = (
				B84972C72AD4382F000A11AA /* splashScreenTests.swift */,
			);
			path = splashScreenTests;
			sourceTree = "<group>";
		};
		B84972D02AD4382F000A11AA /* splashScreenUITests */ = {
			isa = PBXGroup;
			children = (
				B84972D12AD4382F000A11AA /* splashScreenUITests.swift */,
				B84972D32AD4382F000A11AA /* splashScreenUITestsLaunchTests.swift */,
			);
			path = splashScreenUITests;
			sourceTree = "<group>";
		};
/* End PBXGroup section */

/* Begin PBXNativeTarget section */
		B84972B22AD4382E000A11AA /* splashScreen */ = {
			isa = PBXNativeTarget;
			buildConfigurationList = B84972D72AD4382F000A11AA /* Build configuration list for PBXNativeTarget "splashScreen" */;
			buildPhases = (
				B84972AF2AD4382E000A11AA /* Sources */,
				B84972B02AD4382E000A11AA /* Frameworks */,
				B84972B12AD4382E000A11AA /* Resources */,
			);
			buildRules = (
			);
			dependencies = (
			);
			name = splashScreen;
			productName = splashScreen;
			productReference = B84972B32AD4382E000A11AA /* splashScreen.app */;
			productType = "com.apple.product-type.application";
		};
		B84972C22AD4382F000A11AA /* splashScreenTests */ = {
			isa = PBXNativeTarget;
			buildConfigurationList = B84972DA2AD4382F000A11AA /* Build configuration list for PBXNativeTarget "splashScreenTests" */;
			buildPhases = (
				B84972BF2AD4382F000A11AA /* Sources */,
				B84972C02AD4382F000A11AA /* Frameworks */,
				B84972C12AD4382F000A11AA /* Resources */,
			);
			buildRules = (
			);
			dependencies = (
				B84972C52AD4382F000A11AA /* PBXTargetDependency */,
			);
			name = splashScreenTests;
			productName = splashScreenTests;
			productReference = B84972C32AD4382F000A11AA /* splashScreenTests.xctest */;
			productType = "com.apple.product-type.bundle.unit-test";
		};
		B84972CC2AD4382F000A11AA /* splashScreenUITests */ = {
			isa = PBXNativeTarget;
			buildConfigurationList = B84972DD2AD4382F000A11AA /* Build configuration list for PBXNativeTarget "splashScreenUITests" */;
			buildPhases = (
				B84972C92AD4382F000A11AA /* Sources */,
				B84972CA2AD4382F000A11AA /* Frameworks */,
				B84972CB2AD4382F000A11AA /* Resources */,
			);
			buildRules = (
			);
			dependencies = (
				B84972CF2AD4382F000A11AA /* PBXTargetDependency */,
			);
			name = splashScreenUITests;
			productName = splashScreenUITests;
			productReference = B84972CD2AD4382F000A11AA /* splashScreenUITests.xctest */;
			productType = "com.apple.product-type.bundle.ui-testing";
		};
/* End PBXNativeTarget section */

/* Begin PBXProject section */
		B84972AB2AD4382E000A11AA /* Project object */ = {
			isa = PBXProject;
			attributes = {
				BuildIndependentTargetsInParallel = 1;
				LastSwiftUpdateCheck = 1500;
				LastUpgradeCheck = 1500;
				TargetAttributes = {
					B84972B22AD4382E000A11AA = {
						CreatedOnToolsVersion = 15.0;
					};
					B84972C22AD4382F000A11AA = {
						CreatedOnToolsVersion = 15.0;
						TestTargetID = B84972B22AD4382E000A11AA;
					};
					B84972CC2AD4382F000A11AA = {
						CreatedOnToolsVersion = 15.0;
						TestTargetID = B84972B22AD4382E000A11AA;
					};
				};
			};
			buildConfigurationList = B84972AE2AD4382E000A11AA /* Build configuration list for PBXProject "splashScreen" */;
			compatibilityVersion = "Xcode 14.0";
			developmentRegion = en;
			hasScannedForEncodings = 0;
			knownRegions = (
				en,
				Base,
			);
			mainGroup = B84972AA2AD4382E000A11AA;
			productRefGroup = B84972B42AD4382E000A11AA /* Products */;
			projectDirPath = "";
			projectRoot = "";
			targets = (
				B84972B22AD4382E000A11AA /* splashScreen */,
				B84972C22AD4382F000A11AA /* splashScreenTests */,
				B84972CC2AD4382F000A11AA /* splashScreenUITests */,
			);
		};
/* End PBXProject section */

/* Begin PBXResourcesBuildPhase section */
		B84972B12AD4382E000A11AA /* Resources */ = {
			isa = PBXResourcesBuildPhase;
			buildActionMask = 2147483647;
			files = (
				B84972BE2AD4382F000A11AA /* Preview Assets.xcassets in Resources */,
				B84972BB2AD4382F000A11AA /* Assets.xcassets in Resources */,
			);
			runOnlyForDeploymentPostprocessing = 0;
		};
		B84972C12AD4382F000A11AA /* Resources */ = {
			isa = PBXResourcesBuildPhase;
			buildActionMask = 2147483647;
			files = (
			);
			runOnlyForDeploymentPostprocessing = 0;
		};
		B84972CB2AD4382F000A11AA /* Resources */ = {
			isa = PBXResourcesBuildPhase;
			buildActionMask = 2147483647;
			files = (
			);
			runOnlyForDeploymentPostprocessing = 0;
		};
/* End PBXResourcesBuildPhase section */

/* Begin PBXSourcesBuildPhase section */
		B84972AF2AD4382E000A11AA /* Sources */ = {
			isa = PBXSourcesBuildPhase;
			buildActionMask = 2147483647;
			files = (
				B84972E12AD4464D000A11AA /* QuizPage.swift in Sources */,
				B84972B92AD4382E000A11AA /* ContentView.swift in Sources */,
				B84972B72AD4382E000A11AA /* splashScreenApp.swift in Sources */,
			);
			runOnlyForDeploymentPostprocessing = 0;
		};
		B84972BF2AD4382F000A11AA /* Sources */ = {
			isa = PBXSourcesBuildPhase;
			buildActionMask = 2147483647;
			files = (
				B84972C82AD4382F000A11AA /* splashScreenTests.swift in Sources */,
			);
			runOnlyForDeploymentPostprocessing = 0;
		};
		B84972C92AD4382F000A11AA /* Sources */ = {
			isa = PBXSourcesBuildPhase;
			buildActionMask = 2147483647;
			files = (
				B84972D22AD4382F000A11AA /* splashScreenUITests.swift in Sources */,
				B84972D42AD4382F000A11AA /* splashScreenUITestsLaunchTests.swift in Sources */,
			);
			runOnlyForDeploymentPostprocessing = 0;
		};
/* End PBXSourcesBuildPhase section */

/* Begin PBXTargetDependency section */
		B84972C52AD4382F000A11AA /* PBXTargetDependency */ = {
			isa = PBXTargetDependency;
			target = B84972B22AD4382E000A11AA /* splashScreen */;
			targetProxy = B84972C42AD4382F000A11AA /* PBXContainerItemProxy */;
		};
		B84972CF2AD4382F000A11AA /* PBXTargetDependency */ = {
			isa = PBXTargetDependency;
			target = B84972B22AD4382E000A11AA /* splashScreen */;
			targetProxy = B84972CE2AD4382F000A11AA /* PBXContainerItemProxy */;
		};
/* End PBXTargetDependency section */

/* Begin XCBuildConfiguration section */
		B84972D52AD4382F000A11AA /* Debug */ = {
			isa = XCBuildConfiguration;
			buildSettings = {
				ALWAYS_SEARCH_USER_PATHS = NO;
				ASSETCATALOG_COMPILER_GENERATE_SWIFT_ASSET_SYMBOL_EXTENSIONS = YES;
				CLANG_ANALYZER_NONNULL = YES;
				CLANG_ANALYZER_NUMBER_OBJECT_CONVERSION = YES_AGGRESSIVE;
				CLANG_CXX_LANGUAGE_STANDARD = "gnu++20";
				CLANG_ENABLE_MODULES = YES;
				CLANG_ENABLE_OBJC_ARC = YES;
				CLANG_ENABLE_OBJC_WEAK = YES;
				CLANG_WARN_BLOCK_CAPTURE_AUTORELEASING = YES;
				CLANG_WARN_BOOL_CONVERSION = YES;
				CLANG_WARN_COMMA = YES;
				CLANG_WARN_CONSTANT_CONVERSION = YES;
				CLANG_WARN_DEPRECATED_OBJC_IMPLEMENTATIONS = YES;
				CLANG_WARN_DIRECT_OBJC_ISA_USAGE = YES_ERROR;
				CLANG_WARN_DOCUMENTATION_COMMENTS = YES;
				CLANG_WARN_EMPTY_BODY = YES;
				CLANG_WARN_ENUM_CONVERSION = YES;
				CLANG_WARN_INFINITE_RECURSION = YES;
				CLANG_WARN_INT_CONVERSION = YES;
				CLANG_WARN_NON_LITERAL_NULL_CONVERSION = YES;
				CLANG_WARN_OBJC_IMPLICIT_RETAIN_SELF = YES;
				CLANG_WARN_OBJC_LITERAL_CONVERSION = YES;
				CLANG_WARN_OBJC_ROOT_CLASS = YES_ERROR;
				CLANG_WARN_QUOTED_INCLUDE_IN_FRAMEWORK_HEADER = YES;
				CLANG_WARN_RANGE_LOOP_ANALYSIS = YES;
				CLANG_WARN_STRICT_PROTOTYPES = YES;
				CLANG_WARN_SUSPICIOUS_MOVE = YES;
				CLANG_WARN_UNGUARDED_AVAILABILITY = YES_AGGRESSIVE;
				CLANG_WARN_UNREACHABLE_CODE = YES;
				CLANG_WARN__DUPLICATE_METHOD_MATCH = YES;
				COPY_PHASE_STRIP = NO;
				DEBUG_INFORMATION_FORMAT = dwarf;
				ENABLE_STRICT_OBJC_MSGSEND = YES;
				ENABLE_TESTABILITY = YES;
				ENABLE_USER_SCRIPT_SANDBOXING = YES;
				GCC_C_LANGUAGE_STANDARD = gnu17;
				GCC_DYNAMIC_NO_PIC = NO;
				GCC_NO_COMMON_BLOCKS = YES;
				GCC_OPTIMIZATION_LEVEL = 0;
				GCC_PREPROCESSOR_DEFINITIONS = (
					"DEBUG=1",
					"$(inherited)",
				);
				GCC_WARN_64_TO_32_BIT_CONVERSION = YES;
				GCC_WARN_ABOUT_RETURN_TYPE = YES_ERROR;
				GCC_WARN_UNDECLARED_SELECTOR = YES;
				GCC_WARN_UNINITIALIZED_AUTOS = YES_AGGRESSIVE;
				GCC_WARN_UNUSED_FUNCTION = YES;
				GCC_WARN_UNUSED_VARIABLE = YES;
				IPHONEOS_DEPLOYMENT_TARGET = 17.0;
				LOCALIZATION_PREFERS_STRING_CATALOGS = YES;
				MTL_ENABLE_DEBUG_INFO = INCLUDE_SOURCE;
				MTL_FAST_MATH = YES;
				ONLY_ACTIVE_ARCH = YES;
				SDKROOT = iphoneos;
				SWIFT_ACTIVE_COMPILATION_CONDITIONS = "DEBUG $(inherited)";
				SWIFT_OPTIMIZATION_LEVEL = "-Onone";
			};
			name = Debug;
		};
		B84972D62AD4382F000A11AA /* Release */ = {
			isa = XCBuildConfiguration;
			buildSettings = {
				ALWAYS_SEARCH_USER_PATHS = NO;
				ASSETCATALOG_COMPILER_GENERATE_SWIFT_ASSET_SYMBOL_EXTENSIONS = YES;
				CLANG_ANALYZER_NONNULL = YES;
				CLANG_ANALYZER_NUMBER_OBJECT_CONVERSION = YES_AGGRESSIVE;
				CLANG_CXX_LANGUAGE_STANDARD = "gnu++20";
				CLANG_ENABLE_MODULES = YES;
				CLANG_ENABLE_OBJC_ARC = YES;
				CLANG_ENABLE_OBJC_WEAK = YES;
				CLANG_WARN_BLOCK_CAPTURE_AUTORELEASING = YES;
				CLANG_WARN_BOOL_CONVERSION = YES;
				CLANG_WARN_COMMA = YES;
				CLANG_WARN_CONSTANT_CONVERSION = YES;
				CLANG_WARN_DEPRECATED_OBJC_IMPLEMENTATIONS = YES;
				CLANG_WARN_DIRECT_OBJC_ISA_USAGE = YES_ERROR;
				CLANG_WARN_DOCUMENTATION_COMMENTS = YES;
				CLANG_WARN_EMPTY_BODY = YES;
				CLANG_WARN_ENUM_CONVERSION = YES;
				CLANG_WARN_INFINITE_RECURSION = YES;
				CLANG_WARN_INT_CONVERSION = YES;
				CLANG_WARN_NON_LITERAL_NULL_CONVERSION = YES;
				CLANG_WARN_OBJC_IMPLICIT_RETAIN_SELF = YES;
				CLANG_WARN_OBJC_LITERAL_CONVERSION = YES;
				CLANG_WARN_OBJC_ROOT_CLASS = YES_ERROR;
				CLANG_WARN_QUOTED_INCLUDE_IN_FRAMEWORK_HEADER = YES;
				CLANG_WARN_RANGE_LOOP_ANALYSIS = YES;
				CLANG_WARN_STRICT_PROTOTYPES = YES;
				CLANG_WARN_SUSPICIOUS_MOVE = YES;
				CLANG_WARN_UNGUARDED_AVAILABILITY = YES_AGGRESSIVE;
				CLANG_WARN_UNREACHABLE_CODE = YES;
				CLANG_WARN__DUPLICATE_METHOD_MATCH = YES;
				COPY_PHASE_STRIP = NO;
				DEBUG_INFORMATION_FORMAT = "dwarf-with-dsym";
				ENABLE_NS_ASSERTIONS = NO;
				ENABLE_STRICT_OBJC_MSGSEND = YES;
				ENABLE_USER_SCRIPT_SANDBOXING = YES;
				GCC_C_LANGUAGE_STANDARD = gnu17;
				GCC_NO_COMMON_BLOCKS = YES;
				GCC_WARN_64_TO_32_BIT_CONVERSION = YES;
				GCC_WARN_ABOUT_RETURN_TYPE = YES_ERROR;
				GCC_WARN_UNDECLARED_SELECTOR = YES;
				GCC_WARN_UNINITIALIZED_AUTOS = YES_AGGRESSIVE;
				GCC_WARN_UNUSED_FUNCTION = YES;
				GCC_WARN_UNUSED_VARIABLE = YES;
				IPHONEOS_DEPLOYMENT_TARGET = 17.0;
				LOCALIZATION_PREFERS_STRING_CATALOGS = YES;
				MTL_ENABLE_DEBUG_INFO = NO;
				MTL_FAST_MATH = YES;
				SDKROOT = iphoneos;
				SWIFT_COMPILATION_MODE = wholemodule;
				VALIDATE_PRODUCT = YES;
			};
			name = Release;
		};
		B84972D82AD4382F000A11AA /* Debug */ = {
			isa = XCBuildConfiguration;
			buildSettings = {
				ASSETCATALOG_COMPILER_APPICON_NAME = AppIcon;
				ASSETCATALOG_COMPILER_GLOBAL_ACCENT_COLOR_NAME = AccentColor;
				CODE_SIGN_STYLE = Automatic;
				CURRENT_PROJECT_VERSION = 1;
				DEVELOPMENT_ASSET_PATHS = "\"splashScreen/Preview Content\"";
				ENABLE_PREVIEWS = YES;
				GENERATE_INFOPLIST_FILE = YES;
				INFOPLIST_KEY_UIApplicationSceneManifest_Generation = YES;
				INFOPLIST_KEY_UIApplicationSupportsIndirectInputEvents = YES;
				INFOPLIST_KEY_UILaunchScreen_Generation = YES;
				INFOPLIST_KEY_UISupportedInterfaceOrientations_iPad = "UIInterfaceOrientationPortrait UIInterfaceOrientationPortraitUpsideDown UIInterfaceOrientationLandscapeLeft UIInterfaceOrientationLandscapeRight";
				INFOPLIST_KEY_UISupportedInterfaceOrientations_iPhone = "UIInterfaceOrientationPortrait UIInterfaceOrientationLandscapeLeft UIInterfaceOrientationLandscapeRight";
				LD_RUNPATH_SEARCH_PATHS = (
					"$(inherited)",
					"@executable_path/Frameworks",
				);
				MARKETING_VERSION = 1.0;
				PRODUCT_BUNDLE_IDENTIFIER = com.diala.splashScreen;
				PRODUCT_NAME = "$(TARGET_NAME)";
				SWIFT_EMIT_LOC_STRINGS = YES;
				SWIFT_VERSION = 5.0;
				TARGETED_DEVICE_FAMILY = "1,2";
			};
			name = Debug;
		};
		B84972D92AD4382F000A11AA /* Release */ = {
			isa = XCBuildConfiguration;
			buildSettings = {
				ASSETCATALOG_COMPILER_APPICON_NAME = AppIcon;
				ASSETCATALOG_COMPILER_GLOBAL_ACCENT_COLOR_NAME = AccentColor;
				CODE_SIGN_STYLE = Automatic;
				CURRENT_PROJECT_VERSION = 1;
				DEVELOPMENT_ASSET_PATHS = "\"splashScreen/Preview Content\"";
				ENABLE_PREVIEWS = YES;
				GENERATE_INFOPLIST_FILE = YES;
				INFOPLIST_KEY_UIApplicationSceneManifest_Generation = YES;
				INFOPLIST_KEY_UIApplicationSupportsIndirectInputEvents = YES;
				INFOPLIST_KEY_UILaunchScreen_Generation = YES;
				INFOPLIST_KEY_UISupportedInterfaceOrientations_iPad = "UIInterfaceOrientationPortrait UIInterfaceOrientationPortraitUpsideDown UIInterfaceOrientationLandscapeLeft UIInterfaceOrientationLandscapeRight";
				INFOPLIST_KEY_UISupportedInterfaceOrientations_iPhone = "UIInterfaceOrientationPortrait UIInterfaceOrientationLandscapeLeft UIInterfaceOrientationLandscapeRight";
				LD_RUNPATH_SEARCH_PATHS = (
					"$(inherited)",
					"@executable_path/Frameworks",
				);
				MARKETING_VERSION = 1.0;
				PRODUCT_BUNDLE_IDENTIFIER = com.diala.splashScreen;
				PRODUCT_NAME = "$(TARGET_NAME)";
				SWIFT_EMIT_LOC_STRINGS = YES;
				SWIFT_VERSION = 5.0;
				TARGETED_DEVICE_FAMILY = "1,2";
			};
			name = Release;
		};
		B84972DB2AD4382F000A11AA /* Debug */ = {
			isa = XCBuildConfiguration;
			buildSettings = {
				ALWAYS_EMBED_SWIFT_STANDARD_LIBRARIES = YES;
				BUNDLE_LOADER = "$(TEST_HOST)";
				CODE_SIGN_STYLE = Automatic;
				CURRENT_PROJECT_VERSION = 1;
				GENERATE_INFOPLIST_FILE = YES;
				IPHONEOS_DEPLOYMENT_TARGET = 17.0;
				MARKETING_VERSION = 1.0;
				PRODUCT_BUNDLE_IDENTIFIER = com.diala.splashScreenTests;
				PRODUCT_NAME = "$(TARGET_NAME)";
				SWIFT_EMIT_LOC_STRINGS = NO;
				SWIFT_VERSION = 5.0;
				TARGETED_DEVICE_FAMILY = "1,2";
				TEST_HOST = "$(BUILT_PRODUCTS_DIR)/splashScreen.app/$(BUNDLE_EXECUTABLE_FOLDER_PATH)/splashScreen";
			};
			name = Debug;
		};
		B84972DC2AD4382F000A11AA /* Release */ = {
			isa = XCBuildConfiguration;
			buildSettings = {
				ALWAYS_EMBED_SWIFT_STANDARD_LIBRARIES = YES;
				BUNDLE_LOADER = "$(TEST_HOST)";
				CODE_SIGN_STYLE = Automatic;
				CURRENT_PROJECT_VERSION = 1;
				GENERATE_INFOPLIST_FILE = YES;
				IPHONEOS_DEPLOYMENT_TARGET = 17.0;
				MARKETING_VERSION = 1.0;
				PRODUCT_BUNDLE_IDENTIFIER = com.diala.splashScreenTests;
				PRODUCT_NAME = "$(TARGET_NAME)";
				SWIFT_EMIT_LOC_STRINGS = NO;
				SWIFT_VERSION = 5.0;
				TARGETED_DEVICE_FAMILY = "1,2";
				TEST_HOST = "$(BUILT_PRODUCTS_DIR)/splashScreen.app/$(BUNDLE_EXECUTABLE_FOLDER_PATH)/splashScreen";
			};
			name = Release;
		};
		B84972DE2AD4382F000A11AA /* Debug */ = {
			isa = XCBuildConfiguration;
			buildSettings = {
				ALWAYS_EMBED_SWIFT_STANDARD_LIBRARIES = YES;
				CODE_SIGN_STYLE = Automatic;
				CURRENT_PROJECT_VERSION = 1;
				GENERATE_INFOPLIST_FILE = YES;
				MARKETING_VERSION = 1.0;
				PRODUCT_BUNDLE_IDENTIFIER = com.diala.splashScreenUITests;
				PRODUCT_NAME = "$(TARGET_NAME)";
				SWIFT_EMIT_LOC_STRINGS = NO;
				SWIFT_VERSION = 5.0;
				TARGETED_DEVICE_FAMILY = "1,2";
				TEST_TARGET_NAME = splashScreen;
			};
			name = Debug;
		};
		B84972DF2AD4382F000A11AA /* Release */ = {
			isa = XCBuildConfiguration;
			buildSettings = {
				ALWAYS_EMBED_SWIFT_STANDARD_LIBRARIES = YES;
				CODE_SIGN_STYLE = Automatic;
				CURRENT_PROJECT_VERSION = 1;
				GENERATE_INFOPLIST_FILE = YES;
				MARKETING_VERSION = 1.0;
				PRODUCT_BUNDLE_IDENTIFIER = com.diala.splashScreenUITests;
				PRODUCT_NAME = "$(TARGET_NAME)";
				SWIFT_EMIT_LOC_STRINGS = NO;
				SWIFT_VERSION = 5.0;
				TARGETED_DEVICE_FAMILY = "1,2";
				TEST_TARGET_NAME = splashScreen;
			};
			name = Release;
		};
/* End XCBuildConfiguration section */

/* Begin XCConfigurationList section */
		B84972AE2AD4382E000A11AA /* Build configuration list for PBXProject "splashScreen" */ = {
			isa = XCConfigurationList;
			buildConfigurations = (
				B84972D52AD4382F000A11AA /* Debug */,
				B84972D62AD4382F000A11AA /* Release */,
			);
			defaultConfigurationIsVisible = 0;
			defaultConfigurationName = Release;
		};
		B84972D72AD4382F000A11AA /* Build configuration list for PBXNativeTarget "splashScreen" */ = {
			isa = XCConfigurationList;
			buildConfigurations = (
				B84972D82AD4382F000A11AA /* Debug */,
				B84972D92AD4382F000A11AA /* Release */,
			);
			defaultConfigurationIsVisible = 0;
			defaultConfigurationName = Release;
		};
		B84972DA2AD4382F000A11AA /* Build configuration list for PBXNativeTarget "splashScreenTests" */ = {
			isa = XCConfigurationList;
			buildConfigurations = (
				B84972DB2AD4382F000A11AA /* Debug */,
				B84972DC2AD4382F000A11AA /* Release */,
			);
			defaultConfigurationIsVisible = 0;
			defaultConfigurationName = Release;
		};
		B84972DD2AD4382F000A11AA /* Build configuration list for PBXNativeTarget "splashScreenUITests" */ = {
			isa = XCConfigurationList;
			buildConfigurations = (
				B84972DE2AD4382F000A11AA /* Debug */,
				B84972DF2AD4382F000A11AA /* Release */,
			);
			defaultConfigurationIsVisible = 0;
			defaultConfigurationName = Release;
		};
/* End XCConfigurationList section */
	};
	rootObject = B84972AB2AD4382E000A11AA /* Project object */;
}
