// !$*UTF8*$!
{
	archiveVersion = 1;
	classes = {
	};
	objectVersion = 56;
	objects = {

/* Begin PBXBuildFile section */
		28A28D602AD2F7EA007BBC79 /* PresentMe.swift in Sources */ = {isa = PBXBuildFile; fileRef = 28A28D5F2AD2F7EA007BBC79 /* PresentMe.swift */; };
		B8CAA1E22ACEE0E7000F9779 /* CoMateApp.swift in Sources */ = {isa = PBXBuildFile; fileRef = B8CAA1E12ACEE0E7000F9779 /* CoMateApp.swift */; };
		B8CAA1E42ACEE0E7000F9779 /* ContentView.swift in Sources */ = {isa = PBXBuildFile; fileRef = B8CAA1E32ACEE0E7000F9779 /* ContentView.swift */; };
		B8CAA1E62ACEE0E9000F9779 /* Assets.xcassets in Resources */ = {isa = PBXBuildFile; fileRef = B8CAA1E52ACEE0E9000F9779 /* Assets.xcassets */; };
		B8CAA1E92ACEE0E9000F9779 /* Preview Assets.xcassets in Resources */ = {isa = PBXBuildFile; fileRef = B8CAA1E82ACEE0E9000F9779 /* Preview Assets.xcassets */; };
		B8CAA1F32ACEE0E9000F9779 /* CoMateTests.swift in Sources */ = {isa = PBXBuildFile; fileRef = B8CAA1F22ACEE0E9000F9779 /* CoMateTests.swift */; };
		B8CAA1FD2ACEE0E9000F9779 /* CoMateUITests.swift in Sources */ = {isa = PBXBuildFile; fileRef = B8CAA1FC2ACEE0E9000F9779 /* CoMateUITests.swift */; };
		B8CAA1FF2ACEE0E9000F9779 /* CoMateUITestsLaunchTests.swift in Sources */ = {isa = PBXBuildFile; fileRef = B8CAA1FE2ACEE0E9000F9779 /* CoMateUITestsLaunchTests.swift */; };
/* End PBXBuildFile section */

/* Begin PBXContainerItemProxy section */
		B8CAA1EF2ACEE0E9000F9779 /* PBXContainerItemProxy */ = {
			isa = PBXContainerItemProxy;
			containerPortal = B8CAA1D62ACEE0E7000F9779 /* Project object */;
			proxyType = 1;
			remoteGlobalIDString = B8CAA1DD2ACEE0E7000F9779;
			remoteInfo = CoMate;
		};
		B8CAA1F92ACEE0E9000F9779 /* PBXContainerItemProxy */ = {
			isa = PBXContainerItemProxy;
			containerPortal = B8CAA1D62ACEE0E7000F9779 /* Project object */;
			proxyType = 1;
			remoteGlobalIDString = B8CAA1DD2ACEE0E7000F9779;
			remoteInfo = CoMate;
		};
/* End PBXContainerItemProxy section */

/* Begin PBXFileReference section */
		28A28D5F2AD2F7EA007BBC79 /* PresentMe.swift */ = {isa = PBXFileReference; lastKnownFileType = sourcecode.swift; path = PresentMe.swift; sourceTree = "<group>"; };
		B8CAA1DE2ACEE0E7000F9779 /* CoMate.app */ = {isa = PBXFileReference; explicitFileType = wrapper.application; includeInIndex = 0; path = CoMate.app; sourceTree = BUILT_PRODUCTS_DIR; };
		B8CAA1E12ACEE0E7000F9779 /* CoMateApp.swift */ = {isa = PBXFileReference; lastKnownFileType = sourcecode.swift; path = CoMateApp.swift; sourceTree = "<group>"; };
		B8CAA1E32ACEE0E7000F9779 /* ContentView.swift */ = {isa = PBXFileReference; lastKnownFileType = sourcecode.swift; path = ContentView.swift; sourceTree = "<group>"; };
		B8CAA1E52ACEE0E9000F9779 /* Assets.xcassets */ = {isa = PBXFileReference; lastKnownFileType = folder.assetcatalog; path = Assets.xcassets; sourceTree = "<group>"; };
		B8CAA1E82ACEE0E9000F9779 /* Preview Assets.xcassets */ = {isa = PBXFileReference; lastKnownFileType = folder.assetcatalog; path = "Preview Assets.xcassets"; sourceTree = "<group>"; };
		B8CAA1EE2ACEE0E9000F9779 /* CoMateTests.xctest */ = {isa = PBXFileReference; explicitFileType = wrapper.cfbundle; includeInIndex = 0; path = CoMateTests.xctest; sourceTree = BUILT_PRODUCTS_DIR; };
		B8CAA1F22ACEE0E9000F9779 /* CoMateTests.swift */ = {isa = PBXFileReference; lastKnownFileType = sourcecode.swift; path = CoMateTests.swift; sourceTree = "<group>"; };
		B8CAA1F82ACEE0E9000F9779 /* CoMateUITests.xctest */ = {isa = PBXFileReference; explicitFileType = wrapper.cfbundle; includeInIndex = 0; path = CoMateUITests.xctest; sourceTree = BUILT_PRODUCTS_DIR; };
		B8CAA1FC2ACEE0E9000F9779 /* CoMateUITests.swift */ = {isa = PBXFileReference; lastKnownFileType = sourcecode.swift; path = CoMateUITests.swift; sourceTree = "<group>"; };
		B8CAA1FE2ACEE0E9000F9779 /* CoMateUITestsLaunchTests.swift */ = {isa = PBXFileReference; lastKnownFileType = sourcecode.swift; path = CoMateUITestsLaunchTests.swift; sourceTree = "<group>"; };
/* End PBXFileReference section */

/* Begin PBXFrameworksBuildPhase section */
		B8CAA1DB2ACEE0E7000F9779 /* Frameworks */ = {
			isa = PBXFrameworksBuildPhase;
			buildActionMask = 2147483647;
			files = (
			);
			runOnlyForDeploymentPostprocessing = 0;
		};
		B8CAA1EB2ACEE0E9000F9779 /* Frameworks */ = {
			isa = PBXFrameworksBuildPhase;
			buildActionMask = 2147483647;
			files = (
			);
			runOnlyForDeploymentPostprocessing = 0;
		};
		B8CAA1F52ACEE0E9000F9779 /* Frameworks */ = {
			isa = PBXFrameworksBuildPhase;
			buildActionMask = 2147483647;
			files = (
			);
			runOnlyForDeploymentPostprocessing = 0;
		};
/* End PBXFrameworksBuildPhase section */

/* Begin PBXGroup section */
		B8CAA1D52ACEE0E7000F9779 = {
			isa = PBXGroup;
			children = (
				B8CAA1E02ACEE0E7000F9779 /* CoMate */,
				B8CAA1F12ACEE0E9000F9779 /* CoMateTests */,
				B8CAA1FB2ACEE0E9000F9779 /* CoMateUITests */,
				B8CAA1DF2ACEE0E7000F9779 /* Products */,
			);
			sourceTree = "<group>";
		};
		B8CAA1DF2ACEE0E7000F9779 /* Products */ = {
			isa = PBXGroup;
			children = (
				B8CAA1DE2ACEE0E7000F9779 /* CoMate.app */,
				B8CAA1EE2ACEE0E9000F9779 /* CoMateTests.xctest */,
				B8CAA1F82ACEE0E9000F9779 /* CoMateUITests.xctest */,
			);
			name = Products;
			sourceTree = "<group>";
		};
		B8CAA1E02ACEE0E7000F9779 /* CoMate */ = {
			isa = PBXGroup;
			children = (
				B8CAA1E12ACEE0E7000F9779 /* CoMateApp.swift */,
				B8CAA1E32ACEE0E7000F9779 /* ContentView.swift */,
				28A28D5F2AD2F7EA007BBC79 /* PresentMe.swift */,
				B8CAA1E52ACEE0E9000F9779 /* Assets.xcassets */,
				B8CAA1E72ACEE0E9000F9779 /* Preview Content */,
			);
			path = CoMate;
			sourceTree = "<group>";
		};
		B8CAA1E72ACEE0E9000F9779 /* Preview Content */ = {
			isa = PBXGroup;
			children = (
				B8CAA1E82ACEE0E9000F9779 /* Preview Assets.xcassets */,
			);
			path = "Preview Content";
			sourceTree = "<group>";
		};
		B8CAA1F12ACEE0E9000F9779 /* CoMateTests */ = {
			isa = PBXGroup;
			children = (
				B8CAA1F22ACEE0E9000F9779 /* CoMateTests.swift */,
			);
			path = CoMateTests;
			sourceTree = "<group>";
		};
		B8CAA1FB2ACEE0E9000F9779 /* CoMateUITests */ = {
			isa = PBXGroup;
			children = (
				B8CAA1FC2ACEE0E9000F9779 /* CoMateUITests.swift */,
				B8CAA1FE2ACEE0E9000F9779 /* CoMateUITestsLaunchTests.swift */,
			);
			path = CoMateUITests;
			sourceTree = "<group>";
		};
/* End PBXGroup section */

/* Begin PBXNativeTarget section */
		B8CAA1DD2ACEE0E7000F9779 /* CoMate */ = {
			isa = PBXNativeTarget;
			buildConfigurationList = B8CAA2022ACEE0E9000F9779 /* Build configuration list for PBXNativeTarget "CoMate" */;
			buildPhases = (
				B8CAA1DA2ACEE0E7000F9779 /* Sources */,
				B8CAA1DB2ACEE0E7000F9779 /* Frameworks */,
				B8CAA1DC2ACEE0E7000F9779 /* Resources */,
			);
			buildRules = (
			);
			dependencies = (
			);
			name = CoMate;
			productName = CoMate;
			productReference = B8CAA1DE2ACEE0E7000F9779 /* CoMate.app */;
			productType = "com.apple.product-type.application";
		};
		B8CAA1ED2ACEE0E9000F9779 /* CoMateTests */ = {
			isa = PBXNativeTarget;
			buildConfigurationList = B8CAA2052ACEE0E9000F9779 /* Build configuration list for PBXNativeTarget "CoMateTests" */;
			buildPhases = (
				B8CAA1EA2ACEE0E9000F9779 /* Sources */,
				B8CAA1EB2ACEE0E9000F9779 /* Frameworks */,
				B8CAA1EC2ACEE0E9000F9779 /* Resources */,
			);
			buildRules = (
			);
			dependencies = (
				B8CAA1F02ACEE0E9000F9779 /* PBXTargetDependency */,
			);
			name = CoMateTests;
			productName = CoMateTests;
			productReference = B8CAA1EE2ACEE0E9000F9779 /* CoMateTests.xctest */;
			productType = "com.apple.product-type.bundle.unit-test";
		};
		B8CAA1F72ACEE0E9000F9779 /* CoMateUITests */ = {
			isa = PBXNativeTarget;
			buildConfigurationList = B8CAA2082ACEE0E9000F9779 /* Build configuration list for PBXNativeTarget "CoMateUITests" */;
			buildPhases = (
				B8CAA1F42ACEE0E9000F9779 /* Sources */,
				B8CAA1F52ACEE0E9000F9779 /* Frameworks */,
				B8CAA1F62ACEE0E9000F9779 /* Resources */,
			);
			buildRules = (
			);
			dependencies = (
				B8CAA1FA2ACEE0E9000F9779 /* PBXTargetDependency */,
			);
			name = CoMateUITests;
			productName = CoMateUITests;
			productReference = B8CAA1F82ACEE0E9000F9779 /* CoMateUITests.xctest */;
			productType = "com.apple.product-type.bundle.ui-testing";
		};
/* End PBXNativeTarget section */

/* Begin PBXProject section */
		B8CAA1D62ACEE0E7000F9779 /* Project object */ = {
			isa = PBXProject;
			attributes = {
				BuildIndependentTargetsInParallel = 1;
				LastSwiftUpdateCheck = 1500;
				LastUpgradeCheck = 1500;
				TargetAttributes = {
					B8CAA1DD2ACEE0E7000F9779 = {
						CreatedOnToolsVersion = 15.0;
					};
					B8CAA1ED2ACEE0E9000F9779 = {
						CreatedOnToolsVersion = 15.0;
						TestTargetID = B8CAA1DD2ACEE0E7000F9779;
					};
					B8CAA1F72ACEE0E9000F9779 = {
						CreatedOnToolsVersion = 15.0;
						TestTargetID = B8CAA1DD2ACEE0E7000F9779;
					};
				};
			};
			buildConfigurationList = B8CAA1D92ACEE0E7000F9779 /* Build configuration list for PBXProject "CoMate" */;
			compatibilityVersion = "Xcode 14.0";
			developmentRegion = en;
			hasScannedForEncodings = 0;
			knownRegions = (
				en,
				Base,
			);
			mainGroup = B8CAA1D52ACEE0E7000F9779;
			productRefGroup = B8CAA1DF2ACEE0E7000F9779 /* Products */;
			projectDirPath = "";
			projectRoot = "";
			targets = (
				B8CAA1DD2ACEE0E7000F9779 /* CoMate */,
				B8CAA1ED2ACEE0E9000F9779 /* CoMateTests */,
				B8CAA1F72ACEE0E9000F9779 /* CoMateUITests */,
			);
		};
/* End PBXProject section */

/* Begin PBXResourcesBuildPhase section */
		B8CAA1DC2ACEE0E7000F9779 /* Resources */ = {
			isa = PBXResourcesBuildPhase;
			buildActionMask = 2147483647;
			files = (
				B8CAA1E92ACEE0E9000F9779 /* Preview Assets.xcassets in Resources */,
				B8CAA1E62ACEE0E9000F9779 /* Assets.xcassets in Resources */,
			);
			runOnlyForDeploymentPostprocessing = 0;
		};
		B8CAA1EC2ACEE0E9000F9779 /* Resources */ = {
			isa = PBXResourcesBuildPhase;
			buildActionMask = 2147483647;
			files = (
			);
			runOnlyForDeploymentPostprocessing = 0;
		};
		B8CAA1F62ACEE0E9000F9779 /* Resources */ = {
			isa = PBXResourcesBuildPhase;
			buildActionMask = 2147483647;
			files = (
			);
			runOnlyForDeploymentPostprocessing = 0;
		};
/* End PBXResourcesBuildPhase section */

/* Begin PBXSourcesBuildPhase section */
		B8CAA1DA2ACEE0E7000F9779 /* Sources */ = {
			isa = PBXSourcesBuildPhase;
			buildActionMask = 2147483647;
			files = (
				B8CAA1E42ACEE0E7000F9779 /* ContentView.swift in Sources */,
				28A28D602AD2F7EA007BBC79 /* PresentMe.swift in Sources */,
				B8CAA1E22ACEE0E7000F9779 /* CoMateApp.swift in Sources */,
			);
			runOnlyForDeploymentPostprocessing = 0;
		};
		B8CAA1EA2ACEE0E9000F9779 /* Sources */ = {
			isa = PBXSourcesBuildPhase;
			buildActionMask = 2147483647;
			files = (
				B8CAA1F32ACEE0E9000F9779 /* CoMateTests.swift in Sources */,
			);
			runOnlyForDeploymentPostprocessing = 0;
		};
		B8CAA1F42ACEE0E9000F9779 /* Sources */ = {
			isa = PBXSourcesBuildPhase;
			buildActionMask = 2147483647;
			files = (
				B8CAA1FD2ACEE0E9000F9779 /* CoMateUITests.swift in Sources */,
				B8CAA1FF2ACEE0E9000F9779 /* CoMateUITestsLaunchTests.swift in Sources */,
			);
			runOnlyForDeploymentPostprocessing = 0;
		};
/* End PBXSourcesBuildPhase section */

/* Begin PBXTargetDependency section */
		B8CAA1F02ACEE0E9000F9779 /* PBXTargetDependency */ = {
			isa = PBXTargetDependency;
			target = B8CAA1DD2ACEE0E7000F9779 /* CoMate */;
			targetProxy = B8CAA1EF2ACEE0E9000F9779 /* PBXContainerItemProxy */;
		};
		B8CAA1FA2ACEE0E9000F9779 /* PBXTargetDependency */ = {
			isa = PBXTargetDependency;
			target = B8CAA1DD2ACEE0E7000F9779 /* CoMate */;
			targetProxy = B8CAA1F92ACEE0E9000F9779 /* PBXContainerItemProxy */;
		};
/* End PBXTargetDependency section */

/* Begin XCBuildConfiguration section */
		B8CAA2002ACEE0E9000F9779 /* Debug */ = {
			isa = XCBuildConfiguration;
			buildSettings = {
				ALWAYS_SEARCH_USER_PATHS = NO;
				ASSETCATALOG_COMPILER_GENERATE_SWIFT_ASSET_SYMBOL_EXTENSIONS = YES;
				CLANG_ANALYZER_NONNULL = YES;
				CLANG_ANALYZER_NUMBER_OBJECT_CONVERSION = YES_AGGRESSIVE;
				CLANG_CXX_LANGUAGE_STANDARD = "gnu++20";
				CLANG_ENABLE_MODULES = YES;
				CLANG_ENABLE_OBJC_ARC = YES;
				CLANG_ENABLE_OBJC_WEAK = YES;
				CLANG_WARN_BLOCK_CAPTURE_AUTORELEASING = YES;
				CLANG_WARN_BOOL_CONVERSION = YES;
				CLANG_WARN_COMMA = YES;
				CLANG_WARN_CONSTANT_CONVERSION = YES;
				CLANG_WARN_DEPRECATED_OBJC_IMPLEMENTATIONS = YES;
				CLANG_WARN_DIRECT_OBJC_ISA_USAGE = YES_ERROR;
				CLANG_WARN_DOCUMENTATION_COMMENTS = YES;
				CLANG_WARN_EMPTY_BODY = YES;
				CLANG_WARN_ENUM_CONVERSION = YES;
				CLANG_WARN_INFINITE_RECURSION = YES;
				CLANG_WARN_INT_CONVERSION = YES;
				CLANG_WARN_NON_LITERAL_NULL_CONVERSION = YES;
				CLANG_WARN_OBJC_IMPLICIT_RETAIN_SELF = YES;
				CLANG_WARN_OBJC_LITERAL_CONVERSION = YES;
				CLANG_WARN_OBJC_ROOT_CLASS = YES_ERROR;
				CLANG_WARN_QUOTED_INCLUDE_IN_FRAMEWORK_HEADER = YES;
				CLANG_WARN_RANGE_LOOP_ANALYSIS = YES;
				CLANG_WARN_STRICT_PROTOTYPES = YES;
				CLANG_WARN_SUSPICIOUS_MOVE = YES;
				CLANG_WARN_UNGUARDED_AVAILABILITY = YES_AGGRESSIVE;
				CLANG_WARN_UNREACHABLE_CODE = YES;
				CLANG_WARN__DUPLICATE_METHOD_MATCH = YES;
				COPY_PHASE_STRIP = NO;
				DEBUG_INFORMATION_FORMAT = dwarf;
				ENABLE_STRICT_OBJC_MSGSEND = YES;
				ENABLE_TESTABILITY = YES;
				ENABLE_USER_SCRIPT_SANDBOXING = YES;
				GCC_C_LANGUAGE_STANDARD = gnu17;
				GCC_DYNAMIC_NO_PIC = NO;
				GCC_NO_COMMON_BLOCKS = YES;
				GCC_OPTIMIZATION_LEVEL = 0;
				GCC_PREPROCESSOR_DEFINITIONS = (
					"DEBUG=1",
					"$(inherited)",
				);
				GCC_WARN_64_TO_32_BIT_CONVERSION = YES;
				GCC_WARN_ABOUT_RETURN_TYPE = YES_ERROR;
				GCC_WARN_UNDECLARED_SELECTOR = YES;
				GCC_WARN_UNINITIALIZED_AUTOS = YES_AGGRESSIVE;
				GCC_WARN_UNUSED_FUNCTION = YES;
				GCC_WARN_UNUSED_VARIABLE = YES;
				IPHONEOS_DEPLOYMENT_TARGET = 17.0;
				LOCALIZATION_PREFERS_STRING_CATALOGS = YES;
				MTL_ENABLE_DEBUG_INFO = INCLUDE_SOURCE;
				MTL_FAST_MATH = YES;
				ONLY_ACTIVE_ARCH = YES;
				SDKROOT = iphoneos;
				SWIFT_ACTIVE_COMPILATION_CONDITIONS = "DEBUG $(inherited)";
				SWIFT_OPTIMIZATION_LEVEL = "-Onone";
			};
			name = Debug;
		};
		B8CAA2012ACEE0E9000F9779 /* Release */ = {
			isa = XCBuildConfiguration;
			buildSettings = {
				ALWAYS_SEARCH_USER_PATHS = NO;
				ASSETCATALOG_COMPILER_GENERATE_SWIFT_ASSET_SYMBOL_EXTENSIONS = YES;
				CLANG_ANALYZER_NONNULL = YES;
				CLANG_ANALYZER_NUMBER_OBJECT_CONVERSION = YES_AGGRESSIVE;
				CLANG_CXX_LANGUAGE_STANDARD = "gnu++20";
				CLANG_ENABLE_MODULES = YES;
				CLANG_ENABLE_OBJC_ARC = YES;
				CLANG_ENABLE_OBJC_WEAK = YES;
				CLANG_WARN_BLOCK_CAPTURE_AUTORELEASING = YES;
				CLANG_WARN_BOOL_CONVERSION = YES;
				CLANG_WARN_COMMA = YES;
				CLANG_WARN_CONSTANT_CONVERSION = YES;
				CLANG_WARN_DEPRECATED_OBJC_IMPLEMENTATIONS = YES;
				CLANG_WARN_DIRECT_OBJC_ISA_USAGE = YES_ERROR;
				CLANG_WARN_DOCUMENTATION_COMMENTS = YES;
				CLANG_WARN_EMPTY_BODY = YES;
				CLANG_WARN_ENUM_CONVERSION = YES;
				CLANG_WARN_INFINITE_RECURSION = YES;
				CLANG_WARN_INT_CONVERSION = YES;
				CLANG_WARN_NON_LITERAL_NULL_CONVERSION = YES;
				CLANG_WARN_OBJC_IMPLICIT_RETAIN_SELF = YES;
				CLANG_WARN_OBJC_LITERAL_CONVERSION = YES;
				CLANG_WARN_OBJC_ROOT_CLASS = YES_ERROR;
				CLANG_WARN_QUOTED_INCLUDE_IN_FRAMEWORK_HEADER = YES;
				CLANG_WARN_RANGE_LOOP_ANALYSIS = YES;
				CLANG_WARN_STRICT_PROTOTYPES = YES;
				CLANG_WARN_SUSPICIOUS_MOVE = YES;
				CLANG_WARN_UNGUARDED_AVAILABILITY = YES_AGGRESSIVE;
				CLANG_WARN_UNREACHABLE_CODE = YES;
				CLANG_WARN__DUPLICATE_METHOD_MATCH = YES;
				COPY_PHASE_STRIP = NO;
				DEBUG_INFORMATION_FORMAT = "dwarf-with-dsym";
				ENABLE_NS_ASSERTIONS = NO;
				ENABLE_STRICT_OBJC_MSGSEND = YES;
				ENABLE_USER_SCRIPT_SANDBOXING = YES;
				GCC_C_LANGUAGE_STANDARD = gnu17;
				GCC_NO_COMMON_BLOCKS = YES;
				GCC_WARN_64_TO_32_BIT_CONVERSION = YES;
				GCC_WARN_ABOUT_RETURN_TYPE = YES_ERROR;
				GCC_WARN_UNDECLARED_SELECTOR = YES;
				GCC_WARN_UNINITIALIZED_AUTOS = YES_AGGRESSIVE;
				GCC_WARN_UNUSED_FUNCTION = YES;
				GCC_WARN_UNUSED_VARIABLE = YES;
				IPHONEOS_DEPLOYMENT_TARGET = 17.0;
				LOCALIZATION_PREFERS_STRING_CATALOGS = YES;
				MTL_ENABLE_DEBUG_INFO = NO;
				MTL_FAST_MATH = YES;
				SDKROOT = iphoneos;
				SWIFT_COMPILATION_MODE = wholemodule;
				VALIDATE_PRODUCT = YES;
			};
			name = Release;
		};
		B8CAA2032ACEE0E9000F9779 /* Debug */ = {
			isa = XCBuildConfiguration;
			buildSettings = {
				ASSETCATALOG_COMPILER_APPICON_NAME = AppIcon;
				ASSETCATALOG_COMPILER_GLOBAL_ACCENT_COLOR_NAME = AccentColor;
				CODE_SIGN_STYLE = Automatic;
				CURRENT_PROJECT_VERSION = 1;
				DEVELOPMENT_ASSET_PATHS = "\"CoMate/Preview Content\"";
				ENABLE_PREVIEWS = YES;
				GENERATE_INFOPLIST_FILE = YES;
				INFOPLIST_KEY_UIApplicationSceneManifest_Generation = YES;
				INFOPLIST_KEY_UIApplicationSupportsIndirectInputEvents = YES;
				INFOPLIST_KEY_UILaunchScreen_Generation = YES;
				INFOPLIST_KEY_UISupportedInterfaceOrientations_iPad = "UIInterfaceOrientationPortrait UIInterfaceOrientationPortraitUpsideDown UIInterfaceOrientationLandscapeLeft UIInterfaceOrientationLandscapeRight";
				INFOPLIST_KEY_UISupportedInterfaceOrientations_iPhone = "UIInterfaceOrientationPortrait UIInterfaceOrientationLandscapeLeft UIInterfaceOrientationLandscapeRight";
				LD_RUNPATH_SEARCH_PATHS = (
					"$(inherited)",
					"@executable_path/Frameworks",
				);
				MARKETING_VERSION = 1.0;
				PRODUCT_BUNDLE_IDENTIFIER = com.diala.CoMate;
				PRODUCT_NAME = "$(TARGET_NAME)";
				SWIFT_EMIT_LOC_STRINGS = YES;
				SWIFT_VERSION = 5.0;
				TARGETED_DEVICE_FAMILY = "1,2";
			};
			name = Debug;
		};
		B8CAA2042ACEE0E9000F9779 /* Release */ = {
			isa = XCBuildConfiguration;
			buildSettings = {
				ASSETCATALOG_COMPILER_APPICON_NAME = AppIcon;
				ASSETCATALOG_COMPILER_GLOBAL_ACCENT_COLOR_NAME = AccentColor;
				CODE_SIGN_STYLE = Automatic;
				CURRENT_PROJECT_VERSION = 1;
				DEVELOPMENT_ASSET_PATHS = "\"CoMate/Preview Content\"";
				ENABLE_PREVIEWS = YES;
				GENERATE_INFOPLIST_FILE = YES;
				INFOPLIST_KEY_UIApplicationSceneManifest_Generation = YES;
				INFOPLIST_KEY_UIApplicationSupportsIndirectInputEvents = YES;
				INFOPLIST_KEY_UILaunchScreen_Generation = YES;
				INFOPLIST_KEY_UISupportedInterfaceOrientations_iPad = "UIInterfaceOrientationPortrait UIInterfaceOrientationPortraitUpsideDown UIInterfaceOrientationLandscapeLeft UIInterfaceOrientationLandscapeRight";
				INFOPLIST_KEY_UISupportedInterfaceOrientations_iPhone = "UIInterfaceOrientationPortrait UIInterfaceOrientationLandscapeLeft UIInterfaceOrientationLandscapeRight";
				LD_RUNPATH_SEARCH_PATHS = (
					"$(inherited)",
					"@executable_path/Frameworks",
				);
				MARKETING_VERSION = 1.0;
				PRODUCT_BUNDLE_IDENTIFIER = com.diala.CoMate;
				PRODUCT_NAME = "$(TARGET_NAME)";
				SWIFT_EMIT_LOC_STRINGS = YES;
				SWIFT_VERSION = 5.0;
				TARGETED_DEVICE_FAMILY = "1,2";
			};
			name = Release;
		};
		B8CAA2062ACEE0E9000F9779 /* Debug */ = {
			isa = XCBuildConfiguration;
			buildSettings = {
				ALWAYS_EMBED_SWIFT_STANDARD_LIBRARIES = YES;
				BUNDLE_LOADER = "$(TEST_HOST)";
				CODE_SIGN_STYLE = Automatic;
				CURRENT_PROJECT_VERSION = 1;
				GENERATE_INFOPLIST_FILE = YES;
				IPHONEOS_DEPLOYMENT_TARGET = 17.0;
				MARKETING_VERSION = 1.0;
				PRODUCT_BUNDLE_IDENTIFIER = com.diala.CoMateTests;
				PRODUCT_NAME = "$(TARGET_NAME)";
				SWIFT_EMIT_LOC_STRINGS = NO;
				SWIFT_VERSION = 5.0;
				TARGETED_DEVICE_FAMILY = "1,2";
				TEST_HOST = "$(BUILT_PRODUCTS_DIR)/CoMate.app/$(BUNDLE_EXECUTABLE_FOLDER_PATH)/CoMate";
			};
			name = Debug;
		};
		B8CAA2072ACEE0E9000F9779 /* Release */ = {
			isa = XCBuildConfiguration;
			buildSettings = {
				ALWAYS_EMBED_SWIFT_STANDARD_LIBRARIES = YES;
				BUNDLE_LOADER = "$(TEST_HOST)";
				CODE_SIGN_STYLE = Automatic;
				CURRENT_PROJECT_VERSION = 1;
				GENERATE_INFOPLIST_FILE = YES;
				IPHONEOS_DEPLOYMENT_TARGET = 17.0;
				MARKETING_VERSION = 1.0;
				PRODUCT_BUNDLE_IDENTIFIER = com.diala.CoMateTests;
				PRODUCT_NAME = "$(TARGET_NAME)";
				SWIFT_EMIT_LOC_STRINGS = NO;
				SWIFT_VERSION = 5.0;
				TARGETED_DEVICE_FAMILY = "1,2";
				TEST_HOST = "$(BUILT_PRODUCTS_DIR)/CoMate.app/$(BUNDLE_EXECUTABLE_FOLDER_PATH)/CoMate";
			};
			name = Release;
		};
		B8CAA2092ACEE0E9000F9779 /* Debug */ = {
			isa = XCBuildConfiguration;
			buildSettings = {
				ALWAYS_EMBED_SWIFT_STANDARD_LIBRARIES = YES;
				CODE_SIGN_STYLE = Automatic;
				CURRENT_PROJECT_VERSION = 1;
				GENERATE_INFOPLIST_FILE = YES;
				MARKETING_VERSION = 1.0;
				PRODUCT_BUNDLE_IDENTIFIER = com.diala.CoMateUITests;
				PRODUCT_NAME = "$(TARGET_NAME)";
				SWIFT_EMIT_LOC_STRINGS = NO;
				SWIFT_VERSION = 5.0;
				TARGETED_DEVICE_FAMILY = "1,2";
				TEST_TARGET_NAME = CoMate;
			};
			name = Debug;
		};
		B8CAA20A2ACEE0E9000F9779 /* Release */ = {
			isa = XCBuildConfiguration;
			buildSettings = {
				ALWAYS_EMBED_SWIFT_STANDARD_LIBRARIES = YES;
				CODE_SIGN_STYLE = Automatic;
				CURRENT_PROJECT_VERSION = 1;
				GENERATE_INFOPLIST_FILE = YES;
				MARKETING_VERSION = 1.0;
				PRODUCT_BUNDLE_IDENTIFIER = com.diala.CoMateUITests;
				PRODUCT_NAME = "$(TARGET_NAME)";
				SWIFT_EMIT_LOC_STRINGS = NO;
				SWIFT_VERSION = 5.0;
				TARGETED_DEVICE_FAMILY = "1,2";
				TEST_TARGET_NAME = CoMate;
			};
			name = Release;
		};
/* End XCBuildConfiguration section */

/* Begin XCConfigurationList section */
		B8CAA1D92ACEE0E7000F9779 /* Build configuration list for PBXProject "CoMate" */ = {
			isa = XCConfigurationList;
			buildConfigurations = (
				B8CAA2002ACEE0E9000F9779 /* Debug */,
				B8CAA2012ACEE0E9000F9779 /* Release */,
			);
			defaultConfigurationIsVisible = 0;
			defaultConfigurationName = Release;
		};
		B8CAA2022ACEE0E9000F9779 /* Build configuration list for PBXNativeTarget "CoMate" */ = {
			isa = XCConfigurationList;
			buildConfigurations = (
				B8CAA2032ACEE0E9000F9779 /* Debug */,
				B8CAA2042ACEE0E9000F9779 /* Release */,
			);
			defaultConfigurationIsVisible = 0;
			defaultConfigurationName = Release;
		};
		B8CAA2052ACEE0E9000F9779 /* Build configuration list for PBXNativeTarget "CoMateTests" */ = {
			isa = XCConfigurationList;
			buildConfigurations = (
				B8CAA2062ACEE0E9000F9779 /* Debug */,
				B8CAA2072ACEE0E9000F9779 /* Release */,
			);
			defaultConfigurationIsVisible = 0;
			defaultConfigurationName = Release;
		};
		B8CAA2082ACEE0E9000F9779 /* Build configuration list for PBXNativeTarget "CoMateUITests" */ = {
			isa = XCConfigurationList;
			buildConfigurations = (
				B8CAA2092ACEE0E9000F9779 /* Debug */,
				B8CAA20A2ACEE0E9000F9779 /* Release */,
			);
			defaultConfigurationIsVisible = 0;
			defaultConfigurationName = Release;
		};
/* End XCConfigurationList section */
	};
	rootObject = B8CAA1D62ACEE0E7000F9779 /* Project object */;
}
